// !$*UTF8*$!
{
	archiveVersion = 1;
	classes = {
	};
	objectVersion = 77;
	objects = {

/* Begin PBXContainerItemProxy section */
		4065DC2E2CFC4F31008E3CA4 /* PBXContainerItemProxy */ = {
			isa = PBXContainerItemProxy;
			containerPortal = 4065DC0F2CFC4F30008E3CA4 /* Project object */;
			proxyType = 1;
			remoteGlobalIDString = 4065DC162CFC4F30008E3CA4;
			remoteInfo = Store;
		};
		4065DC382CFC4F31008E3CA4 /* PBXContainerItemProxy */ = {
			isa = PBXContainerItemProxy;
			containerPortal = 4065DC0F2CFC4F30008E3CA4 /* Project object */;
			proxyType = 1;
			remoteGlobalIDString = 4065DC162CFC4F30008E3CA4;
			remoteInfo = Store;
		};
/* End PBXContainerItemProxy section */

/* Begin PBXFileReference section */
		4065DC172CFC4F30008E3CA4 /* Store.app */ = {isa = PBXFileReference; explicitFileType = wrapper.application; includeInIndex = 0; path = Store.app; sourceTree = BUILT_PRODUCTS_DIR; };
		4065DC2D2CFC4F31008E3CA4 /* StoreTests.xctest */ = {isa = PBXFileReference; explicitFileType = wrapper.cfbundle; includeInIndex = 0; path = StoreTests.xctest; sourceTree = BUILT_PRODUCTS_DIR; };
		4065DC372CFC4F31008E3CA4 /* StoreUITests.xctest */ = {isa = PBXFileReference; explicitFileType = wrapper.cfbundle; includeInIndex = 0; path = StoreUITests.xctest; sourceTree = BUILT_PRODUCTS_DIR; };
/* End PBXFileReference section */

/* Begin PBXFileSystemSynchronizedBuildFileExceptionSet section */
		4065DC3F2CFC4F31008E3CA4 /* Exceptions for "Store" folder in "Store" target */ = {
			isa = PBXFileSystemSynchronizedBuildFileExceptionSet;
			membershipExceptions = (
				Info.plist,
			);
			target = 4065DC162CFC4F30008E3CA4 /* Store */;
		};
/* End PBXFileSystemSynchronizedBuildFileExceptionSet section */

/* Begin PBXFileSystemSynchronizedRootGroup section */
		4065DC192CFC4F30008E3CA4 /* Store */ = {
			isa = PBXFileSystemSynchronizedRootGroup;
			exceptions = (
				4065DC3F2CFC4F31008E3CA4 /* Exceptions for "Store" folder in "Store" target */,
			);
			path = Store;
			sourceTree = "<group>";
		};
		4065DC302CFC4F31008E3CA4 /* StoreTests */ = {
			isa = PBXFileSystemSynchronizedRootGroup;
			path = StoreTests;
			sourceTree = "<group>";
		};
		4065DC3A2CFC4F31008E3CA4 /* StoreUITests */ = {
			isa = PBXFileSystemSynchronizedRootGroup;
			path = StoreUITests;
			sourceTree = "<group>";
		};
/* End PBXFileSystemSynchronizedRootGroup section */

/* Begin PBXFrameworksBuildPhase section */
		4065DC142CFC4F30008E3CA4 /* Frameworks */ = {
			isa = PBXFrameworksBuildPhase;
			buildActionMask = 2147483647;
			files = (
			);
			runOnlyForDeploymentPostprocessing = 0;
		};
		4065DC2A2CFC4F31008E3CA4 /* Frameworks */ = {
			isa = PBXFrameworksBuildPhase;
			buildActionMask = 2147483647;
			files = (
			);
			runOnlyForDeploymentPostprocessing = 0;
		};
		4065DC342CFC4F31008E3CA4 /* Frameworks */ = {
			isa = PBXFrameworksBuildPhase;
			buildActionMask = 2147483647;
			files = (
			);
			runOnlyForDeploymentPostprocessing = 0;
		};
/* End PBXFrameworksBuildPhase section */

/* Begin PBXGroup section */
		4065DC0E2CFC4F30008E3CA4 = {
			isa = PBXGroup;
			children = (
				4065DC192CFC4F30008E3CA4 /* Store */,
				4065DC302CFC4F31008E3CA4 /* StoreTests */,
				4065DC3A2CFC4F31008E3CA4 /* StoreUITests */,
				4065DC182CFC4F30008E3CA4 /* Products */,
			);
			sourceTree = "<group>";
		};
		4065DC182CFC4F30008E3CA4 /* Products */ = {
			isa = PBXGroup;
			children = (
				4065DC172CFC4F30008E3CA4 /* Store.app */,
				4065DC2D2CFC4F31008E3CA4 /* StoreTests.xctest */,
				4065DC372CFC4F31008E3CA4 /* StoreUITests.xctest */,
			);
			name = Products;
			sourceTree = "<group>";
		};
/* End PBXGroup section */

/* Begin PBXNativeTarget section */
		4065DC162CFC4F30008E3CA4 /* Store */ = {
			isa = PBXNativeTarget;
			buildConfigurationList = 4065DC402CFC4F31008E3CA4 /* Build configuration list for PBXNativeTarget "Store" */;
			buildPhases = (
				4065DC132CFC4F30008E3CA4 /* Sources */,
				4065DC142CFC4F30008E3CA4 /* Frameworks */,
				4065DC152CFC4F30008E3CA4 /* Resources */,
			);
			buildRules = (
			);
			dependencies = (
			);
			fileSystemSynchronizedGroups = (
				4065DC192CFC4F30008E3CA4 /* Store */,
			);
			name = Store;
			packageProductDependencies = (
			);
			productName = Store;
			productReference = 4065DC172CFC4F30008E3CA4 /* Store.app */;
			productType = "com.apple.product-type.application";
		};
		4065DC2C2CFC4F31008E3CA4 /* StoreTests */ = {
			isa = PBXNativeTarget;
			buildConfigurationList = 4065DC452CFC4F31008E3CA4 /* Build configuration list for PBXNativeTarget "StoreTests" */;
			buildPhases = (
				4065DC292CFC4F31008E3CA4 /* Sources */,
				4065DC2A2CFC4F31008E3CA4 /* Frameworks */,
				4065DC2B2CFC4F31008E3CA4 /* Resources */,
			);
			buildRules = (
			);
			dependencies = (
				4065DC2F2CFC4F31008E3CA4 /* PBXTargetDependency */,
			);
			fileSystemSynchronizedGroups = (
				4065DC302CFC4F31008E3CA4 /* StoreTests */,
			);
			name = StoreTests;
			packageProductDependencies = (
			);
			productName = StoreTests;
			productReference = 4065DC2D2CFC4F31008E3CA4 /* StoreTests.xctest */;
			productType = "com.apple.product-type.bundle.unit-test";
		};
		4065DC362CFC4F31008E3CA4 /* StoreUITests */ = {
			isa = PBXNativeTarget;
			buildConfigurationList = 4065DC482CFC4F31008E3CA4 /* Build configuration list for PBXNativeTarget "StoreUITests" */;
			buildPhases = (
				4065DC332CFC4F31008E3CA4 /* Sources */,
				4065DC342CFC4F31008E3CA4 /* Frameworks */,
				4065DC352CFC4F31008E3CA4 /* Resources */,
			);
			buildRules = (
			);
			dependencies = (
				4065DC392CFC4F31008E3CA4 /* PBXTargetDependency */,
			);
			fileSystemSynchronizedGroups = (
				4065DC3A2CFC4F31008E3CA4 /* StoreUITests */,
			);
			name = StoreUITests;
			packageProductDependencies = (
			);
			productName = StoreUITests;
			productReference = 4065DC372CFC4F31008E3CA4 /* StoreUITests.xctest */;
			productType = "com.apple.product-type.bundle.ui-testing";
		};
/* End PBXNativeTarget section */

/* Begin PBXProject section */
		4065DC0F2CFC4F30008E3CA4 /* Project object */ = {
			isa = PBXProject;
			attributes = {
				BuildIndependentTargetsInParallel = 1;
				LastSwiftUpdateCheck = 1600;
				LastUpgradeCheck = 1600;
				TargetAttributes = {
					4065DC162CFC4F30008E3CA4 = {
						CreatedOnToolsVersion = 16.0;
					};
					4065DC2C2CFC4F31008E3CA4 = {
						CreatedOnToolsVersion = 16.0;
						TestTargetID = 4065DC162CFC4F30008E3CA4;
					};
					4065DC362CFC4F31008E3CA4 = {
						CreatedOnToolsVersion = 16.0;
						TestTargetID = 4065DC162CFC4F30008E3CA4;
					};
				};
			};
			buildConfigurationList = 4065DC122CFC4F30008E3CA4 /* Build configuration list for PBXProject "Store" */;
			developmentRegion = en;
			hasScannedForEncodings = 0;
			knownRegions = (
				en,
				Base,
			);
			mainGroup = 4065DC0E2CFC4F30008E3CA4;
			minimizedProjectReferenceProxies = 1;
			preferredProjectObjectVersion = 77;
			productRefGroup = 4065DC182CFC4F30008E3CA4 /* Products */;
			projectDirPath = "";
			projectRoot = "";
			targets = (
				4065DC162CFC4F30008E3CA4 /* Store */,
				4065DC2C2CFC4F31008E3CA4 /* StoreTests */,
				4065DC362CFC4F31008E3CA4 /* StoreUITests */,
			);
		};
/* End PBXProject section */

/* Begin PBXResourcesBuildPhase section */
		4065DC152CFC4F30008E3CA4 /* Resources */ = {
			isa = PBXResourcesBuildPhase;
			buildActionMask = 2147483647;
			files = (
			);
			runOnlyForDeploymentPostprocessing = 0;
		};
		4065DC2B2CFC4F31008E3CA4 /* Resources */ = {
			isa = PBXResourcesBuildPhase;
			buildActionMask = 2147483647;
			files = (
			);
			runOnlyForDeploymentPostprocessing = 0;
		};
		4065DC352CFC4F31008E3CA4 /* Resources */ = {
			isa = PBXResourcesBuildPhase;
			buildActionMask = 2147483647;
			files = (
			);
			runOnlyForDeploymentPostprocessing = 0;
		};
/* End PBXResourcesBuildPhase section */

/* Begin PBXSourcesBuildPhase section */
		4065DC132CFC4F30008E3CA4 /* Sources */ = {
			isa = PBXSourcesBuildPhase;
			buildActionMask = 2147483647;
			files = (
			);
			runOnlyForDeploymentPostprocessing = 0;
		};
		4065DC292CFC4F31008E3CA4 /* Sources */ = {
			isa = PBXSourcesBuildPhase;
			buildActionMask = 2147483647;
			files = (
			);
			runOnlyForDeploymentPostprocessing = 0;
		};
		4065DC332CFC4F31008E3CA4 /* Sources */ = {
			isa = PBXSourcesBuildPhase;
			buildActionMask = 2147483647;
			files = (
			);
			runOnlyForDeploymentPostprocessing = 0;
		};
/* End PBXSourcesBuildPhase section */

/* Begin PBXTargetDependency section */
		4065DC2F2CFC4F31008E3CA4 /* PBXTargetDependency */ = {
			isa = PBXTargetDependency;
			target = 4065DC162CFC4F30008E3CA4 /* Store */;
			targetProxy = 4065DC2E2CFC4F31008E3CA4 /* PBXContainerItemProxy */;
		};
		4065DC392CFC4F31008E3CA4 /* PBXTargetDependency */ = {
			isa = PBXTargetDependency;
			target = 4065DC162CFC4F30008E3CA4 /* Store */;
			targetProxy = 4065DC382CFC4F31008E3CA4 /* PBXContainerItemProxy */;
		};
/* End PBXTargetDependency section */

/* Begin XCBuildConfiguration section */
		4065DC412CFC4F31008E3CA4 /* Debug */ = {
			isa = XCBuildConfiguration;
			buildSettings = {
				ASSETCATALOG_COMPILER_APPICON_NAME = AppIcon;
				ASSETCATALOG_COMPILER_GLOBAL_ACCENT_COLOR_NAME = AccentColor;
				CODE_SIGN_STYLE = Automatic;
				CURRENT_PROJECT_VERSION = 1;
				GENERATE_INFOPLIST_FILE = YES;
				INFOPLIST_FILE = Store/Info.plist;
				INFOPLIST_KEY_UIApplicationSupportsIndirectInputEvents = YES;
				INFOPLIST_KEY_UILaunchStoryboardName = LaunchScreen;
				INFOPLIST_KEY_UIMainStoryboardFile = Main;
				INFOPLIST_KEY_UISupportedInterfaceOrientations_iPad = "UIInterfaceOrientationPortrait UIInterfaceOrientationPortraitUpsideDown UIInterfaceOrientationLandscapeLeft UIInterfaceOrientationLandscapeRight";
				INFOPLIST_KEY_UISupportedInterfaceOrientations_iPhone = "UIInterfaceOrientationPortrait UIInterfaceOrientationLandscapeLeft UIInterfaceOrientationLandscapeRight";
				LD_RUNPATH_SEARCH_PATHS = (
					"$(inherited)",
					"@executable_path/Frameworks",
				);
				MARKETING_VERSION = 1.0;
				PRODUCT_BUNDLE_IDENTIFIER = rts.Store;
				PRODUCT_NAME = "$(TARGET_NAME)";
				SWIFT_EMIT_LOC_STRINGS = YES;
				SWIFT_VERSION = 5.0;
				TARGETED_DEVICE_FAMILY = "1,2";
			};
			name = Debug;
		};
		4065DC422CFC4F31008E3CA4 /* Release */ = {
			isa = XCBuildConfiguration;
			buildSettings = {
				ASSETCATALOG_COMPILER_APPICON_NAME = AppIcon;
				ASSETCATALOG_COMPILER_GLOBAL_ACCENT_COLOR_NAME = AccentColor;
				CODE_SIGN_STYLE = Automatic;
				CURRENT_PROJECT_VERSION = 1;
				GENERATE_INFOPLIST_FILE = YES;
				INFOPLIST_FILE = Store/Info.plist;
				INFOPLIST_KEY_UIApplicationSupportsIndirectInputEvents = YES;
				INFOPLIST_KEY_UILaunchStoryboardName = LaunchScreen;
				INFOPLIST_KEY_UIMainStoryboardFile = Main;
				INFOPLIST_KEY_UISupportedInterfaceOrientations_iPad = "UIInterfaceOrientationPortrait UIInterfaceOrientationPortraitUpsideDown UIInterfaceOrientationLandscapeLeft UIInterfaceOrientationLandscapeRight";
				INFOPLIST_KEY_UISupportedInterfaceOrientations_iPhone = "UIInterfaceOrientationPortrait UIInterfaceOrientationLandscapeLeft UIInterfaceOrientationLandscapeRight";
				LD_RUNPATH_SEARCH_PATHS = (
					"$(inherited)",
					"@executable_path/Frameworks",
				);
				MARKETING_VERSION = 1.0;
				PRODUCT_BUNDLE_IDENTIFIER = rts.Store;
				PRODUCT_NAME = "$(TARGET_NAME)";
				SWIFT_EMIT_LOC_STRINGS = YES;
				SWIFT_VERSION = 5.0;
				TARGETED_DEVICE_FAMILY = "1,2";
			};
			name = Release;
		};
		4065DC432CFC4F31008E3CA4 /* Debug */ = {
			isa = XCBuildConfiguration;
			buildSettings = {
				ALWAYS_SEARCH_USER_PATHS = NO;
				ASSETCATALOG_COMPILER_GENERATE_SWIFT_ASSET_SYMBOL_EXTENSIONS = YES;
				CLANG_ANALYZER_NONNULL = YES;
				CLANG_ANALYZER_NUMBER_OBJECT_CONVERSION = YES_AGGRESSIVE;
				CLANG_CXX_LANGUAGE_STANDARD = "gnu++20";
				CLANG_ENABLE_MODULES = YES;
				CLANG_ENABLE_OBJC_ARC = YES;
				CLANG_ENABLE_OBJC_WEAK = YES;
				CLANG_WARN_BLOCK_CAPTURE_AUTORELEASING = YES;
				CLANG_WARN_BOOL_CONVERSION = YES;
				CLANG_WARN_COMMA = YES;
				CLANG_WARN_CONSTANT_CONVERSION = YES;
				CLANG_WARN_DEPRECATED_OBJC_IMPLEMENTATIONS = YES;
				CLANG_WARN_DIRECT_OBJC_ISA_USAGE = YES_ERROR;
				CLANG_WARN_DOCUMENTATION_COMMENTS = YES;
				CLANG_WARN_EMPTY_BODY = YES;
				CLANG_WARN_ENUM_CONVERSION = YES;
				CLANG_WARN_INFINITE_RECURSION = YES;
				CLANG_WARN_INT_CONVERSION = YES;
				CLANG_WARN_NON_LITERAL_NULL_CONVERSION = YES;
				CLANG_WARN_OBJC_IMPLICIT_RETAIN_SELF = YES;
				CLANG_WARN_OBJC_LITERAL_CONVERSION = YES;
				CLANG_WARN_OBJC_ROOT_CLASS = YES_ERROR;
				CLANG_WARN_QUOTED_INCLUDE_IN_FRAMEWORK_HEADER = YES;
				CLANG_WARN_RANGE_LOOP_ANALYSIS = YES;
				CLANG_WARN_STRICT_PROTOTYPES = YES;
				CLANG_WARN_SUSPICIOUS_MOVE = YES;
				CLANG_WARN_UNGUARDED_AVAILABILITY = YES_AGGRESSIVE;
				CLANG_WARN_UNREACHABLE_CODE = YES;
				CLANG_WARN__DUPLICATE_METHOD_MATCH = YES;
				COPY_PHASE_STRIP = NO;
				DEBUG_INFORMATION_FORMAT = dwarf;
				ENABLE_STRICT_OBJC_MSGSEND = YES;
				ENABLE_TESTABILITY = YES;
				ENABLE_USER_SCRIPT_SANDBOXING = YES;
				GCC_C_LANGUAGE_STANDARD = gnu17;
				GCC_DYNAMIC_NO_PIC = NO;
				GCC_NO_COMMON_BLOCKS = YES;
				GCC_OPTIMIZATION_LEVEL = 0;
				GCC_PREPROCESSOR_DEFINITIONS = (
					"DEBUG=1",
					"$(inherited)",
				);
				GCC_WARN_64_TO_32_BIT_CONVERSION = YES;
				GCC_WARN_ABOUT_RETURN_TYPE = YES_ERROR;
				GCC_WARN_UNDECLARED_SELECTOR = YES;
				GCC_WARN_UNINITIALIZED_AUTOS = YES_AGGRESSIVE;
				GCC_WARN_UNUSED_FUNCTION = YES;
				GCC_WARN_UNUSED_VARIABLE = YES;
				IPHONEOS_DEPLOYMENT_TARGET = 18.0;
				LOCALIZATION_PREFERS_STRING_CATALOGS = YES;
				MTL_ENABLE_DEBUG_INFO = INCLUDE_SOURCE;
				MTL_FAST_MATH = YES;
				ONLY_ACTIVE_ARCH = YES;
				SDKROOT = iphoneos;
				SWIFT_ACTIVE_COMPILATION_CONDITIONS = "DEBUG $(inherited)";
				SWIFT_OPTIMIZATION_LEVEL = "-Onone";
			};
			name = Debug;
		};
		4065DC442CFC4F31008E3CA4 /* Release */ = {
			isa = XCBuildConfiguration;
			buildSettings = {
				ALWAYS_SEARCH_USER_PATHS = NO;
				ASSETCATALOG_COMPILER_GENERATE_SWIFT_ASSET_SYMBOL_EXTENSIONS = YES;
				CLANG_ANALYZER_NONNULL = YES;
				CLANG_ANALYZER_NUMBER_OBJECT_CONVERSION = YES_AGGRESSIVE;
				CLANG_CXX_LANGUAGE_STANDARD = "gnu++20";
				CLANG_ENABLE_MODULES = YES;
				CLANG_ENABLE_OBJC_ARC = YES;
				CLANG_ENABLE_OBJC_WEAK = YES;
				CLANG_WARN_BLOCK_CAPTURE_AUTORELEASING = YES;
				CLANG_WARN_BOOL_CONVERSION = YES;
				CLANG_WARN_COMMA = YES;
				CLANG_WARN_CONSTANT_CONVERSION = YES;
				CLANG_WARN_DEPRECATED_OBJC_IMPLEMENTATIONS = YES;
				CLANG_WARN_DIRECT_OBJC_ISA_USAGE = YES_ERROR;
				CLANG_WARN_DOCUMENTATION_COMMENTS = YES;
				CLANG_WARN_EMPTY_BODY = YES;
				CLANG_WARN_ENUM_CONVERSION = YES;
				CLANG_WARN_INFINITE_RECURSION = YES;
				CLANG_WARN_INT_CONVERSION = YES;
				CLANG_WARN_NON_LITERAL_NULL_CONVERSION = YES;
				CLANG_WARN_OBJC_IMPLICIT_RETAIN_SELF = YES;
				CLANG_WARN_OBJC_LITERAL_CONVERSION = YES;
				CLANG_WARN_OBJC_ROOT_CLASS = YES_ERROR;
				CLANG_WARN_QUOTED_INCLUDE_IN_FRAMEWORK_HEADER = YES;
				CLANG_WARN_RANGE_LOOP_ANALYSIS = YES;
				CLANG_WARN_STRICT_PROTOTYPES = YES;
				CLANG_WARN_SUSPICIOUS_MOVE = YES;
				CLANG_WARN_UNGUARDED_AVAILABILITY = YES_AGGRESSIVE;
				CLANG_WARN_UNREACHABLE_CODE = YES;
				CLANG_WARN__DUPLICATE_METHOD_MATCH = YES;
				COPY_PHASE_STRIP = NO;
				DEBUG_INFORMATION_FORMAT = "dwarf-with-dsym";
				ENABLE_NS_ASSERTIONS = NO;
				ENABLE_STRICT_OBJC_MSGSEND = YES;
				ENABLE_USER_SCRIPT_SANDBOXING = YES;
				GCC_C_LANGUAGE_STANDARD = gnu17;
				GCC_NO_COMMON_BLOCKS = YES;
				GCC_WARN_64_TO_32_BIT_CONVERSION = YES;
				GCC_WARN_ABOUT_RETURN_TYPE = YES_ERROR;
				GCC_WARN_UNDECLARED_SELECTOR = YES;
				GCC_WARN_UNINITIALIZED_AUTOS = YES_AGGRESSIVE;
				GCC_WARN_UNUSED_FUNCTION = YES;
				GCC_WARN_UNUSED_VARIABLE = YES;
				IPHONEOS_DEPLOYMENT_TARGET = 18.0;
				LOCALIZATION_PREFERS_STRING_CATALOGS = YES;
				MTL_ENABLE_DEBUG_INFO = NO;
				MTL_FAST_MATH = YES;
				SDKROOT = iphoneos;
				SWIFT_COMPILATION_MODE = wholemodule;
				VALIDATE_PRODUCT = YES;
			};
			name = Release;
		};
		4065DC462CFC4F31008E3CA4 /* Debug */ = {
			isa = XCBuildConfiguration;
			buildSettings = {
				BUNDLE_LOADER = "$(TEST_HOST)";
				CODE_SIGN_STYLE = Automatic;
				CURRENT_PROJECT_VERSION = 1;
				GENERATE_INFOPLIST_FILE = YES;
				IPHONEOS_DEPLOYMENT_TARGET = 18.0;
				MARKETING_VERSION = 1.0;
				PRODUCT_BUNDLE_IDENTIFIER = rts.StoreTests;
				PRODUCT_NAME = "$(TARGET_NAME)";
				SWIFT_EMIT_LOC_STRINGS = NO;
				SWIFT_VERSION = 5.0;
				TARGETED_DEVICE_FAMILY = "1,2";
				TEST_HOST = "$(BUILT_PRODUCTS_DIR)/Store.app/$(BUNDLE_EXECUTABLE_FOLDER_PATH)/Store";
			};
			name = Debug;
		};
		4065DC472CFC4F31008E3CA4 /* Release */ = {
			isa = XCBuildConfiguration;
			buildSettings = {
				BUNDLE_LOADER = "$(TEST_HOST)";
				CODE_SIGN_STYLE = Automatic;
				CURRENT_PROJECT_VERSION = 1;
				GENERATE_INFOPLIST_FILE = YES;
				IPHONEOS_DEPLOYMENT_TARGET = 18.0;
				MARKETING_VERSION = 1.0;
				PRODUCT_BUNDLE_IDENTIFIER = rts.StoreTests;
				PRODUCT_NAME = "$(TARGET_NAME)";
				SWIFT_EMIT_LOC_STRINGS = NO;
				SWIFT_VERSION = 5.0;
				TARGETED_DEVICE_FAMILY = "1,2";
				TEST_HOST = "$(BUILT_PRODUCTS_DIR)/Store.app/$(BUNDLE_EXECUTABLE_FOLDER_PATH)/Store";
			};
			name = Release;
		};
		4065DC492CFC4F31008E3CA4 /* Debug */ = {
			isa = XCBuildConfiguration;
			buildSettings = {
				CODE_SIGN_STYLE = Automatic;
				CURRENT_PROJECT_VERSION = 1;
				GENERATE_INFOPLIST_FILE = YES;
				MARKETING_VERSION = 1.0;
				PRODUCT_BUNDLE_IDENTIFIER = rts.StoreUITests;
				PRODUCT_NAME = "$(TARGET_NAME)";
				SWIFT_EMIT_LOC_STRINGS = NO;
				SWIFT_VERSION = 5.0;
				TARGETED_DEVICE_FAMILY = "1,2";
				TEST_TARGET_NAME = Store;
			};
			name = Debug;
		};
		4065DC4A2CFC4F31008E3CA4 /* Release */ = {
			isa = XCBuildConfiguration;
			buildSettings = {
				CODE_SIGN_STYLE = Automatic;
				CURRENT_PROJECT_VERSION = 1;
				GENERATE_INFOPLIST_FILE = YES;
				MARKETING_VERSION = 1.0;
				PRODUCT_BUNDLE_IDENTIFIER = rts.StoreUITests;
				PRODUCT_NAME = "$(TARGET_NAME)";
				SWIFT_EMIT_LOC_STRINGS = NO;
				SWIFT_VERSION = 5.0;
				TARGETED_DEVICE_FAMILY = "1,2";
				TEST_TARGET_NAME = Store;
			};
			name = Release;
		};
/* End XCBuildConfiguration section */

/* Begin XCConfigurationList section */
		4065DC122CFC4F30008E3CA4 /* Build configuration list for PBXProject "Store" */ = {
			isa = XCConfigurationList;
			buildConfigurations = (
				4065DC432CFC4F31008E3CA4 /* Debug */,
				4065DC442CFC4F31008E3CA4 /* Release */,
			);
			defaultConfigurationIsVisible = 0;
			defaultConfigurationName = Release;
		};
		4065DC402CFC4F31008E3CA4 /* Build configuration list for PBXNativeTarget "Store" */ = {
			isa = XCConfigurationList;
			buildConfigurations = (
				4065DC412CFC4F31008E3CA4 /* Debug */,
				4065DC422CFC4F31008E3CA4 /* Release */,
			);
			defaultConfigurationIsVisible = 0;
			defaultConfigurationName = Release;
		};
		4065DC452CFC4F31008E3CA4 /* Build configuration list for PBXNativeTarget "StoreTests" */ = {
			isa = XCConfigurationList;
			buildConfigurations = (
				4065DC462CFC4F31008E3CA4 /* Debug */,
				4065DC472CFC4F31008E3CA4 /* Release */,
			);
			defaultConfigurationIsVisible = 0;
			defaultConfigurationName = Release;
		};
		4065DC482CFC4F31008E3CA4 /* Build configuration list for PBXNativeTarget "StoreUITests" */ = {
			isa = XCConfigurationList;
			buildConfigurations = (
				4065DC492CFC4F31008E3CA4 /* Debug */,
				4065DC4A2CFC4F31008E3CA4 /* Release */,
			);
			defaultConfigurationIsVisible = 0;
			defaultConfigurationName = Release;
		};
/* End XCConfigurationList section */
	};
	rootObject = 4065DC0F2CFC4F30008E3CA4 /* Project object */;
}
